
Microsoft Visual Studio Solution File, Format Version 12.00
# Visual Studio 2013
VisualStudioVersion = 12.0.40629.0
MinimumVisualStudioVersion = 10.0.40219.1
Project("{2150E333-8FDC-42A3-9474-1A3956D46DE8}") = "01Foundation", "01Foundation", "{42FE82D3-31DD-4D90-9B3E-C89BCC5E3A95}"
EndProject
Project("{2150E333-8FDC-42A3-9474-1A3956D46DE8}") = "02TestAuthoring API Plugin", "02TestAuthoring API Plugin", "{70A8E416-B9AB-45A2-A23F-B508314AEEED}"
EndProject
Project("{2150E333-8FDC-42A3-9474-1A3956D46DE8}") = "03Tests", "03Tests", "{79571259-1847-4CEB-AF25-2A5B26F8C094}"
EndProject
Project("{2150E333-8FDC-42A3-9474-1A3956D46DE8}") = ".nuget", ".nuget", "{74027CB5-0AF8-439A-9018-06CFF1484C69}"
	ProjectSection(SolutionItems) = preProject
		.nuget\packages.config = .nuget\packages.config
	EndProjectSection
EndProject
Project("{FAE04EC0-301F-11D3-BF4B-00C04F79EFBC}") = "MobileTestCore", "01Foundation\MobileTestCore\MobileTestCore.csproj", "{747B8419-A237-4AB6-A2B8-4A17027BCAF9}"
EndProject
Project("{FAE04EC0-301F-11D3-BF4B-00C04F79EFBC}") = "AutomationCore", "01Foundation\Common\AutomationCore.csproj", "{F24DC883-535C-49B9-89A6-75DBF5176D36}"
EndProject
Project("{FAE04EC0-301F-11D3-BF4B-00C04F79EFBC}") = "BuildAgent", "01Foundation\Deployment\BuildAgent.csproj", "{1B91ED0D-2976-4B48-83B7-AE7658B9A142}"
EndProject
Project("{FAE04EC0-301F-11D3-BF4B-00C04F79EFBC}") = "ObjectRepository", "02TestAuthoring API\CDP_ObjectRepository\ObjectRepository.csproj", "{298A63CA-64DB-44A2-BCF3-9CB7FF65FF21}"
EndProject
Project("{FAE04EC0-301F-11D3-BF4B-00C04F79EFBC}") = "IAP_Plugin", "02TestAuthoring API\CDP_TestPlugin\IAP_Plugin.csproj", "{C8793DF7-650D-459A-8F6E-9CF621E745CF}"
EndProject
Project("{FAE04EC0-301F-11D3-BF4B-00C04F79EFBC}") = "WorkflowTest", "03Test\WorkFlowTests\WorkflowTest.csproj", "{7D27C379-2A23-43A0-87D9-59CD204444AE}"
EndProject
Project("{FAE04EC0-301F-11D3-BF4B-00C04F79EFBC}") = "Philips.CDPAutomation.Foundation.TestCaseDefinition", "01Foundation\TestCaseDefinition\Philips.CDPAutomation.Foundation.TestCaseDefinition.csproj", "{304AC731-72B6-49F8-8101-9B5B1C0C3065}"
EndProject
Project("{FAE04EC0-301F-11D3-BF4B-00C04F79EFBC}") = "ConsoleRunner", "01Foundation\ConsoleRunner\ConsoleRunner.csproj", "{3986ADCF-595A-4F76-A977-F1160890292D}"
EndProject
Project("{FAE04EC0-301F-11D3-BF4B-00C04F79EFBC}") = "LoggingUtility", "01Foundation\LoggingUtility\LoggingUtility.csproj", "{D2B97A31-B62A-43B1-8097-728014B96BD5}"
EndProject
Project("{FAE04EC0-301F-11D3-BF4B-00C04F79EFBC}") = "CrashNotifier", "01Foundation\CrashNotifier\CrashNotifier.csproj", "{42BF093B-A001-4F53-981F-E25675B9AEDA}"
EndProject
Project("{FAE04EC0-301F-11D3-BF4B-00C04F79EFBC}") = "TimerNotifier", "01Foundation\TimerNotifier\TimerNotifier.csproj", "{01888178-34DC-4527-846B-9CE8B71D21E6}"
EndProject
Project("{FAE04EC0-301F-11D3-BF4B-00C04F79EFBC}") = "StatusIndicator", "01Foundation\StatusIndicator\StatusIndicator.csproj", "{19FA3957-F1FD-4D24-9DEB-63D1CDE04ADB}"
EndProject
Project("{FAE04EC0-301F-11D3-BF4B-00C04F79EFBC}") = "Philips.MRAutomation.Foundation.FrameworkCore", "01Foundation\FrameworkCore\Philips.MRAutomation.Foundation.FrameworkCore.csproj", "{5A2BCE35-0C43-488C-BBA5-844A5D2CBA37}"
EndProject
Project("{FAE04EC0-301F-11D3-BF4B-00C04F79EFBC}") = "WinEventHook", "01Foundation\WinEventHook\WinEventHook.csproj", "{B6A94A2A-EBED-4434-8843-C233EDBDD2DF}"
EndProject
Project("{FAE04EC0-301F-11D3-BF4B-00C04F79EFBC}") = "SIGAutomationPortal", "01Foundation\SIGAutomationPortal\SIGAutomationPortal\SIGAutomationPortal.csproj", "{1CE5BC4C-1B17-424D-AF76-63DEEB731216}"
EndProject
Project("{FAE04EC0-301F-11D3-BF4B-00C04F79EFBC}") = "AppFramework_TestPlugin", "02TestAuthoring API\AppFramework_TestPlugin\AppFramework_TestPlugin.csproj", "{61879128-714E-4B66-A3E3-F3A3218B8254}"
EndProject
Project("{FAE04EC0-301F-11D3-BF4B-00C04F79EFBC}") = "ST_Nucleo", "ST_Nucleo\ST_Nucleo.csproj", "{5AFB3739-118D-482D-BC42-8C08C1004DD6}"
EndProject
Project("{FAE04EC0-301F-11D3-BF4B-00C04F79EFBC}") = "CC.Android.TestPlugin", "02TestAuthoring API\CC.Android.TestPlugin\CC.Android.TestPlugin.csproj", "{A6F48442-B970-47AB-B4D4-DCA58A2ED294}"
EndProject
Project("{FAE04EC0-301F-11D3-BF4B-00C04F79EFBC}") = "ProdReg.Android.TestPlugin", "02TestAuthoring API\ProdReg.Android.TestPlugin\ProdReg.Android.TestPlugin.csproj", "{338C442A-AF5C-4560-8CCD-D9A51E8B591C}"
EndProject
Global
	GlobalSection(SolutionConfigurationPlatforms) = preSolution
		Debug|Any CPU = Debug|Any CPU
		Debug|Mixed Platforms = Debug|Mixed Platforms
		Debug|x86 = Debug|x86
		Release|Any CPU = Release|Any CPU
		Release|Mixed Platforms = Release|Mixed Platforms
		Release|x86 = Release|x86
		TestRunner|Any CPU = TestRunner|Any CPU
		TestRunner|Mixed Platforms = TestRunner|Mixed Platforms
		TestRunner|x86 = TestRunner|x86
	EndGlobalSection
	GlobalSection(ProjectConfigurationPlatforms) = postSolution
		{747B8419-A237-4AB6-A2B8-4A17027BCAF9}.Debug|Any CPU.ActiveCfg = Debug|Any CPU
		{747B8419-A237-4AB6-A2B8-4A17027BCAF9}.Debug|Any CPU.Build.0 = Debug|Any CPU
		{747B8419-A237-4AB6-A2B8-4A17027BCAF9}.Debug|Mixed Platforms.ActiveCfg = Debug|Any CPU
		{747B8419-A237-4AB6-A2B8-4A17027BCAF9}.Debug|Mixed Platforms.Build.0 = Debug|Any CPU
		{747B8419-A237-4AB6-A2B8-4A17027BCAF9}.Debug|x86.ActiveCfg = Debug|Any CPU
		{747B8419-A237-4AB6-A2B8-4A17027BCAF9}.Release|Any CPU.ActiveCfg = Release|Any CPU
		{747B8419-A237-4AB6-A2B8-4A17027BCAF9}.Release|Any CPU.Build.0 = Release|Any CPU
		{747B8419-A237-4AB6-A2B8-4A17027BCAF9}.Release|Mixed Platforms.ActiveCfg = Release|Any CPU
		{747B8419-A237-4AB6-A2B8-4A17027BCAF9}.Release|Mixed Platforms.Build.0 = Release|Any CPU
		{747B8419-A237-4AB6-A2B8-4A17027BCAF9}.Release|x86.ActiveCfg = Release|Any CPU
		{747B8419-A237-4AB6-A2B8-4A17027BCAF9}.TestRunner|Any CPU.ActiveCfg = Release|Any CPU
		{747B8419-A237-4AB6-A2B8-4A17027BCAF9}.TestRunner|Any CPU.Build.0 = Release|Any CPU
		{747B8419-A237-4AB6-A2B8-4A17027BCAF9}.TestRunner|Mixed Platforms.ActiveCfg = Release|Any CPU
		{747B8419-A237-4AB6-A2B8-4A17027BCAF9}.TestRunner|Mixed Platforms.Build.0 = Release|Any CPU
		{747B8419-A237-4AB6-A2B8-4A17027BCAF9}.TestRunner|x86.ActiveCfg = Release|Any CPU
		{F24DC883-535C-49B9-89A6-75DBF5176D36}.Debug|Any CPU.ActiveCfg = Debug|Any CPU
		{F24DC883-535C-49B9-89A6-75DBF5176D36}.Debug|Any CPU.Build.0 = Debug|Any CPU
		{F24DC883-535C-49B9-89A6-75DBF5176D36}.Debug|Mixed Platforms.ActiveCfg = Debug|Any CPU
		{F24DC883-535C-49B9-89A6-75DBF5176D36}.Debug|Mixed Platforms.Build.0 = Debug|Any CPU
		{F24DC883-535C-49B9-89A6-75DBF5176D36}.Debug|x86.ActiveCfg = Debug|Any CPU
		{F24DC883-535C-49B9-89A6-75DBF5176D36}.Release|Any CPU.ActiveCfg = Release|Any CPU
		{F24DC883-535C-49B9-89A6-75DBF5176D36}.Release|Any CPU.Build.0 = Release|Any CPU
		{F24DC883-535C-49B9-89A6-75DBF5176D36}.Release|Mixed Platforms.ActiveCfg = Release|Any CPU
		{F24DC883-535C-49B9-89A6-75DBF5176D36}.Release|Mixed Platforms.Build.0 = Release|Any CPU
		{F24DC883-535C-49B9-89A6-75DBF5176D36}.Release|x86.ActiveCfg = Release|Any CPU
		{F24DC883-535C-49B9-89A6-75DBF5176D36}.TestRunner|Any CPU.ActiveCfg = Release|Any CPU
		{F24DC883-535C-49B9-89A6-75DBF5176D36}.TestRunner|Any CPU.Build.0 = Release|Any CPU
		{F24DC883-535C-49B9-89A6-75DBF5176D36}.TestRunner|Mixed Platforms.ActiveCfg = Release|Any CPU
		{F24DC883-535C-49B9-89A6-75DBF5176D36}.TestRunner|Mixed Platforms.Build.0 = Release|Any CPU
		{F24DC883-535C-49B9-89A6-75DBF5176D36}.TestRunner|x86.ActiveCfg = Release|Any CPU
		{1B91ED0D-2976-4B48-83B7-AE7658B9A142}.Debug|Any CPU.ActiveCfg = Debug|Any CPU
		{1B91ED0D-2976-4B48-83B7-AE7658B9A142}.Debug|Any CPU.Build.0 = Debug|Any CPU
		{1B91ED0D-2976-4B48-83B7-AE7658B9A142}.Debug|Mixed Platforms.ActiveCfg = Debug|Any CPU
		{1B91ED0D-2976-4B48-83B7-AE7658B9A142}.Debug|Mixed Platforms.Build.0 = Debug|Any CPU
		{1B91ED0D-2976-4B48-83B7-AE7658B9A142}.Debug|x86.ActiveCfg = Debug|Any CPU
		{1B91ED0D-2976-4B48-83B7-AE7658B9A142}.Release|Any CPU.ActiveCfg = Release|Any CPU
		{1B91ED0D-2976-4B48-83B7-AE7658B9A142}.Release|Any CPU.Build.0 = Release|Any CPU
		{1B91ED0D-2976-4B48-83B7-AE7658B9A142}.Release|Mixed Platforms.ActiveCfg = Release|Any CPU
		{1B91ED0D-2976-4B48-83B7-AE7658B9A142}.Release|Mixed Platforms.Build.0 = Release|Any CPU
		{1B91ED0D-2976-4B48-83B7-AE7658B9A142}.Release|x86.ActiveCfg = Release|Any CPU
		{1B91ED0D-2976-4B48-83B7-AE7658B9A142}.TestRunner|Any CPU.ActiveCfg = Release|Any CPU
		{1B91ED0D-2976-4B48-83B7-AE7658B9A142}.TestRunner|Any CPU.Build.0 = Release|Any CPU
		{1B91ED0D-2976-4B48-83B7-AE7658B9A142}.TestRunner|Mixed Platforms.ActiveCfg = Release|Any CPU
		{1B91ED0D-2976-4B48-83B7-AE7658B9A142}.TestRunner|Mixed Platforms.Build.0 = Release|Any CPU
		{1B91ED0D-2976-4B48-83B7-AE7658B9A142}.TestRunner|x86.ActiveCfg = Release|Any CPU
		{298A63CA-64DB-44A2-BCF3-9CB7FF65FF21}.Debug|Any CPU.ActiveCfg = Debug|Any CPU
		{298A63CA-64DB-44A2-BCF3-9CB7FF65FF21}.Debug|Any CPU.Build.0 = Debug|Any CPU
		{298A63CA-64DB-44A2-BCF3-9CB7FF65FF21}.Debug|Mixed Platforms.ActiveCfg = Debug|Any CPU
		{298A63CA-64DB-44A2-BCF3-9CB7FF65FF21}.Debug|Mixed Platforms.Build.0 = Debug|Any CPU
		{298A63CA-64DB-44A2-BCF3-9CB7FF65FF21}.Debug|x86.ActiveCfg = Debug|Any CPU
		{298A63CA-64DB-44A2-BCF3-9CB7FF65FF21}.Release|Any CPU.ActiveCfg = Release|Any CPU
		{298A63CA-64DB-44A2-BCF3-9CB7FF65FF21}.Release|Any CPU.Build.0 = Release|Any CPU
		{298A63CA-64DB-44A2-BCF3-9CB7FF65FF21}.Release|Mixed Platforms.ActiveCfg = Release|Any CPU
		{298A63CA-64DB-44A2-BCF3-9CB7FF65FF21}.Release|Mixed Platforms.Build.0 = Release|Any CPU
		{298A63CA-64DB-44A2-BCF3-9CB7FF65FF21}.Release|x86.ActiveCfg = Release|Any CPU
		{298A63CA-64DB-44A2-BCF3-9CB7FF65FF21}.TestRunner|Any CPU.ActiveCfg = Release|Any CPU
		{298A63CA-64DB-44A2-BCF3-9CB7FF65FF21}.TestRunner|Any CPU.Build.0 = Release|Any CPU
		{298A63CA-64DB-44A2-BCF3-9CB7FF65FF21}.TestRunner|Mixed Platforms.ActiveCfg = Release|Any CPU
		{298A63CA-64DB-44A2-BCF3-9CB7FF65FF21}.TestRunner|Mixed Platforms.Build.0 = Release|Any CPU
		{298A63CA-64DB-44A2-BCF3-9CB7FF65FF21}.TestRunner|x86.ActiveCfg = Release|Any CPU
		{C8793DF7-650D-459A-8F6E-9CF621E745CF}.Debug|Any CPU.ActiveCfg = Debug|Any CPU
		{C8793DF7-650D-459A-8F6E-9CF621E745CF}.Debug|Any CPU.Build.0 = Debug|Any CPU
		{C8793DF7-650D-459A-8F6E-9CF621E745CF}.Debug|Mixed Platforms.ActiveCfg = Debug|Any CPU
		{C8793DF7-650D-459A-8F6E-9CF621E745CF}.Debug|Mixed Platforms.Build.0 = Debug|Any CPU
		{C8793DF7-650D-459A-8F6E-9CF621E745CF}.Debug|x86.ActiveCfg = Debug|Any CPU
		{C8793DF7-650D-459A-8F6E-9CF621E745CF}.Release|Any CPU.ActiveCfg = Release|Any CPU
		{C8793DF7-650D-459A-8F6E-9CF621E745CF}.Release|Any CPU.Build.0 = Release|Any CPU
		{C8793DF7-650D-459A-8F6E-9CF621E745CF}.Release|Mixed Platforms.ActiveCfg = Release|Any CPU
		{C8793DF7-650D-459A-8F6E-9CF621E745CF}.Release|Mixed Platforms.Build.0 = Release|Any CPU
		{C8793DF7-650D-459A-8F6E-9CF621E745CF}.Release|x86.ActiveCfg = Release|Any CPU
		{C8793DF7-650D-459A-8F6E-9CF621E745CF}.TestRunner|Any CPU.ActiveCfg = Release|Any CPU
		{C8793DF7-650D-459A-8F6E-9CF621E745CF}.TestRunner|Any CPU.Build.0 = Release|Any CPU
		{C8793DF7-650D-459A-8F6E-9CF621E745CF}.TestRunner|Mixed Platforms.ActiveCfg = Release|Any CPU
		{C8793DF7-650D-459A-8F6E-9CF621E745CF}.TestRunner|Mixed Platforms.Build.0 = Release|Any CPU
		{C8793DF7-650D-459A-8F6E-9CF621E745CF}.TestRunner|x86.ActiveCfg = Release|Any CPU
		{7D27C379-2A23-43A0-87D9-59CD204444AE}.Debug|Any CPU.ActiveCfg = Debug|Any CPU
		{7D27C379-2A23-43A0-87D9-59CD204444AE}.Debug|Any CPU.Build.0 = Debug|Any CPU
		{7D27C379-2A23-43A0-87D9-59CD204444AE}.Debug|Mixed Platforms.ActiveCfg = Debug|Any CPU
		{7D27C379-2A23-43A0-87D9-59CD204444AE}.Debug|Mixed Platforms.Build.0 = Debug|Any CPU
		{7D27C379-2A23-43A0-87D9-59CD204444AE}.Debug|x86.ActiveCfg = Debug|Any CPU
		{7D27C379-2A23-43A0-87D9-59CD204444AE}.Release|Any CPU.ActiveCfg = Release|Any CPU
		{7D27C379-2A23-43A0-87D9-59CD204444AE}.Release|Any CPU.Build.0 = Release|Any CPU
		{7D27C379-2A23-43A0-87D9-59CD204444AE}.Release|Mixed Platforms.ActiveCfg = Release|Any CPU
		{7D27C379-2A23-43A0-87D9-59CD204444AE}.Release|Mixed Platforms.Build.0 = Release|Any CPU
		{7D27C379-2A23-43A0-87D9-59CD204444AE}.Release|x86.ActiveCfg = Release|Any CPU
		{7D27C379-2A23-43A0-87D9-59CD204444AE}.TestRunner|Any CPU.ActiveCfg = Release|Any CPU
		{7D27C379-2A23-43A0-87D9-59CD204444AE}.TestRunner|Any CPU.Build.0 = Release|Any CPU
		{7D27C379-2A23-43A0-87D9-59CD204444AE}.TestRunner|Mixed Platforms.ActiveCfg = Release|Any CPU
		{7D27C379-2A23-43A0-87D9-59CD204444AE}.TestRunner|Mixed Platforms.Build.0 = Release|Any CPU
		{7D27C379-2A23-43A0-87D9-59CD204444AE}.TestRunner|x86.ActiveCfg = Release|Any CPU
		{304AC731-72B6-49F8-8101-9B5B1C0C3065}.Debug|Any CPU.ActiveCfg = Debug|Any CPU
		{304AC731-72B6-49F8-8101-9B5B1C0C3065}.Debug|Any CPU.Build.0 = Debug|Any CPU
		{304AC731-72B6-49F8-8101-9B5B1C0C3065}.Debug|Mixed Platforms.ActiveCfg = Debug|Any CPU
		{304AC731-72B6-49F8-8101-9B5B1C0C3065}.Debug|Mixed Platforms.Build.0 = Debug|Any CPU
		{304AC731-72B6-49F8-8101-9B5B1C0C3065}.Debug|x86.ActiveCfg = Debug|Any CPU
		{304AC731-72B6-49F8-8101-9B5B1C0C3065}.Release|Any CPU.ActiveCfg = Release|Any CPU
		{304AC731-72B6-49F8-8101-9B5B1C0C3065}.Release|Any CPU.Build.0 = Release|Any CPU
		{304AC731-72B6-49F8-8101-9B5B1C0C3065}.Release|Mixed Platforms.ActiveCfg = Release|Any CPU
		{304AC731-72B6-49F8-8101-9B5B1C0C3065}.Release|Mixed Platforms.Build.0 = Release|Any CPU
		{304AC731-72B6-49F8-8101-9B5B1C0C3065}.Release|x86.ActiveCfg = Release|Any CPU
		{304AC731-72B6-49F8-8101-9B5B1C0C3065}.TestRunner|Any CPU.ActiveCfg = TestRunner|Any CPU
		{304AC731-72B6-49F8-8101-9B5B1C0C3065}.TestRunner|Any CPU.Build.0 = TestRunner|Any CPU
		{304AC731-72B6-49F8-8101-9B5B1C0C3065}.TestRunner|Mixed Platforms.ActiveCfg = TestRunner|Any CPU
		{304AC731-72B6-49F8-8101-9B5B1C0C3065}.TestRunner|Mixed Platforms.Build.0 = TestRunner|Any CPU
		{304AC731-72B6-49F8-8101-9B5B1C0C3065}.TestRunner|x86.ActiveCfg = TestRunner|Any CPU
		{3986ADCF-595A-4F76-A977-F1160890292D}.Debug|Any CPU.ActiveCfg = Debug|x86
		{3986ADCF-595A-4F76-A977-F1160890292D}.Debug|Any CPU.Build.0 = Debug|x86
		{3986ADCF-595A-4F76-A977-F1160890292D}.Debug|Mixed Platforms.ActiveCfg = Debug|x86
		{3986ADCF-595A-4F76-A977-F1160890292D}.Debug|Mixed Platforms.Build.0 = Debug|x86
		{3986ADCF-595A-4F76-A977-F1160890292D}.Debug|x86.ActiveCfg = Debug|x86
		{3986ADCF-595A-4F76-A977-F1160890292D}.Debug|x86.Build.0 = Debug|x86
		{3986ADCF-595A-4F76-A977-F1160890292D}.Release|Any CPU.ActiveCfg = Release|x86
		{3986ADCF-595A-4F76-A977-F1160890292D}.Release|Mixed Platforms.ActiveCfg = Release|x86
		{3986ADCF-595A-4F76-A977-F1160890292D}.Release|Mixed Platforms.Build.0 = Release|x86
		{3986ADCF-595A-4F76-A977-F1160890292D}.Release|x86.ActiveCfg = Release|x86
		{3986ADCF-595A-4F76-A977-F1160890292D}.Release|x86.Build.0 = Release|x86
		{3986ADCF-595A-4F76-A977-F1160890292D}.TestRunner|Any CPU.ActiveCfg = Release|x86
		{3986ADCF-595A-4F76-A977-F1160890292D}.TestRunner|Mixed Platforms.ActiveCfg = Release|x86
		{3986ADCF-595A-4F76-A977-F1160890292D}.TestRunner|Mixed Platforms.Build.0 = Release|x86
		{3986ADCF-595A-4F76-A977-F1160890292D}.TestRunner|x86.ActiveCfg = Release|x86
		{3986ADCF-595A-4F76-A977-F1160890292D}.TestRunner|x86.Build.0 = Release|x86
		{D2B97A31-B62A-43B1-8097-728014B96BD5}.Debug|Any CPU.ActiveCfg = Debug|Any CPU
		{D2B97A31-B62A-43B1-8097-728014B96BD5}.Debug|Any CPU.Build.0 = Debug|Any CPU
		{D2B97A31-B62A-43B1-8097-728014B96BD5}.Debug|Mixed Platforms.ActiveCfg = Debug|Any CPU
		{D2B97A31-B62A-43B1-8097-728014B96BD5}.Debug|Mixed Platforms.Build.0 = Debug|Any CPU
		{D2B97A31-B62A-43B1-8097-728014B96BD5}.Debug|x86.ActiveCfg = Debug|Any CPU
		{D2B97A31-B62A-43B1-8097-728014B96BD5}.Release|Any CPU.ActiveCfg = Release|Any CPU
		{D2B97A31-B62A-43B1-8097-728014B96BD5}.Release|Any CPU.Build.0 = Release|Any CPU
		{D2B97A31-B62A-43B1-8097-728014B96BD5}.Release|Mixed Platforms.ActiveCfg = Release|Any CPU
		{D2B97A31-B62A-43B1-8097-728014B96BD5}.Release|Mixed Platforms.Build.0 = Release|Any CPU
		{D2B97A31-B62A-43B1-8097-728014B96BD5}.Release|x86.ActiveCfg = Release|Any CPU
		{D2B97A31-B62A-43B1-8097-728014B96BD5}.TestRunner|Any CPU.ActiveCfg = Release|Any CPU
		{D2B97A31-B62A-43B1-8097-728014B96BD5}.TestRunner|Any CPU.Build.0 = Release|Any CPU
		{D2B97A31-B62A-43B1-8097-728014B96BD5}.TestRunner|Mixed Platforms.ActiveCfg = Release|Any CPU
		{D2B97A31-B62A-43B1-8097-728014B96BD5}.TestRunner|Mixed Platforms.Build.0 = Release|Any CPU
		{D2B97A31-B62A-43B1-8097-728014B96BD5}.TestRunner|x86.ActiveCfg = Release|Any CPU
		{42BF093B-A001-4F53-981F-E25675B9AEDA}.Debug|Any CPU.ActiveCfg = Debug|x86
		{42BF093B-A001-4F53-981F-E25675B9AEDA}.Debug|Any CPU.Build.0 = Debug|x86
		{42BF093B-A001-4F53-981F-E25675B9AEDA}.Debug|Mixed Platforms.ActiveCfg = Debug|x86
		{42BF093B-A001-4F53-981F-E25675B9AEDA}.Debug|Mixed Platforms.Build.0 = Debug|x86
		{42BF093B-A001-4F53-981F-E25675B9AEDA}.Debug|x86.ActiveCfg = Debug|x86
		{42BF093B-A001-4F53-981F-E25675B9AEDA}.Debug|x86.Build.0 = Debug|x86
		{42BF093B-A001-4F53-981F-E25675B9AEDA}.Release|Any CPU.ActiveCfg = Release|x86
		{42BF093B-A001-4F53-981F-E25675B9AEDA}.Release|Mixed Platforms.ActiveCfg = Release|x86
		{42BF093B-A001-4F53-981F-E25675B9AEDA}.Release|Mixed Platforms.Build.0 = Release|x86
		{42BF093B-A001-4F53-981F-E25675B9AEDA}.Release|x86.ActiveCfg = Release|x86
		{42BF093B-A001-4F53-981F-E25675B9AEDA}.Release|x86.Build.0 = Release|x86
		{42BF093B-A001-4F53-981F-E25675B9AEDA}.TestRunner|Any CPU.ActiveCfg = Release|x86
		{42BF093B-A001-4F53-981F-E25675B9AEDA}.TestRunner|Mixed Platforms.ActiveCfg = Release|x86
		{42BF093B-A001-4F53-981F-E25675B9AEDA}.TestRunner|Mixed Platforms.Build.0 = Release|x86
		{42BF093B-A001-4F53-981F-E25675B9AEDA}.TestRunner|x86.ActiveCfg = Release|x86
		{42BF093B-A001-4F53-981F-E25675B9AEDA}.TestRunner|x86.Build.0 = Release|x86
		{01888178-34DC-4527-846B-9CE8B71D21E6}.Debug|Any CPU.ActiveCfg = Debug|Any CPU
		{01888178-34DC-4527-846B-9CE8B71D21E6}.Debug|Any CPU.Build.0 = Debug|Any CPU
		{01888178-34DC-4527-846B-9CE8B71D21E6}.Debug|Mixed Platforms.ActiveCfg = Debug|Any CPU
		{01888178-34DC-4527-846B-9CE8B71D21E6}.Debug|Mixed Platforms.Build.0 = Debug|Any CPU
		{01888178-34DC-4527-846B-9CE8B71D21E6}.Debug|x86.ActiveCfg = Debug|Any CPU
		{01888178-34DC-4527-846B-9CE8B71D21E6}.Release|Any CPU.ActiveCfg = Release|Any CPU
		{01888178-34DC-4527-846B-9CE8B71D21E6}.Release|Any CPU.Build.0 = Release|Any CPU
		{01888178-34DC-4527-846B-9CE8B71D21E6}.Release|Mixed Platforms.ActiveCfg = Release|Any CPU
		{01888178-34DC-4527-846B-9CE8B71D21E6}.Release|Mixed Platforms.Build.0 = Release|Any CPU
		{01888178-34DC-4527-846B-9CE8B71D21E6}.Release|x86.ActiveCfg = Release|Any CPU
		{01888178-34DC-4527-846B-9CE8B71D21E6}.TestRunner|Any CPU.ActiveCfg = Release|Any CPU
		{01888178-34DC-4527-846B-9CE8B71D21E6}.TestRunner|Any CPU.Build.0 = Release|Any CPU
		{01888178-34DC-4527-846B-9CE8B71D21E6}.TestRunner|Mixed Platforms.ActiveCfg = Release|Any CPU
		{01888178-34DC-4527-846B-9CE8B71D21E6}.TestRunner|Mixed Platforms.Build.0 = Release|Any CPU
		{01888178-34DC-4527-846B-9CE8B71D21E6}.TestRunner|x86.ActiveCfg = Release|Any CPU
		{19FA3957-F1FD-4D24-9DEB-63D1CDE04ADB}.Debug|Any CPU.ActiveCfg = Debug|x86
		{19FA3957-F1FD-4D24-9DEB-63D1CDE04ADB}.Debug|Any CPU.Build.0 = Debug|x86
		{19FA3957-F1FD-4D24-9DEB-63D1CDE04ADB}.Debug|Mixed Platforms.ActiveCfg = Debug|x86
		{19FA3957-F1FD-4D24-9DEB-63D1CDE04ADB}.Debug|Mixed Platforms.Build.0 = Debug|x86
		{19FA3957-F1FD-4D24-9DEB-63D1CDE04ADB}.Debug|x86.ActiveCfg = Debug|x86
		{19FA3957-F1FD-4D24-9DEB-63D1CDE04ADB}.Debug|x86.Build.0 = Debug|x86
		{19FA3957-F1FD-4D24-9DEB-63D1CDE04ADB}.Release|Any CPU.ActiveCfg = Release|x86
		{19FA3957-F1FD-4D24-9DEB-63D1CDE04ADB}.Release|Mixed Platforms.ActiveCfg = Release|x86
		{19FA3957-F1FD-4D24-9DEB-63D1CDE04ADB}.Release|Mixed Platforms.Build.0 = Release|x86
		{19FA3957-F1FD-4D24-9DEB-63D1CDE04ADB}.Release|x86.ActiveCfg = Release|x86
		{19FA3957-F1FD-4D24-9DEB-63D1CDE04ADB}.Release|x86.Build.0 = Release|x86
		{19FA3957-F1FD-4D24-9DEB-63D1CDE04ADB}.TestRunner|Any CPU.ActiveCfg = Release|x86
		{19FA3957-F1FD-4D24-9DEB-63D1CDE04ADB}.TestRunner|Mixed Platforms.ActiveCfg = Release|x86
		{19FA3957-F1FD-4D24-9DEB-63D1CDE04ADB}.TestRunner|Mixed Platforms.Build.0 = Release|x86
		{19FA3957-F1FD-4D24-9DEB-63D1CDE04ADB}.TestRunner|x86.ActiveCfg = Release|x86
		{19FA3957-F1FD-4D24-9DEB-63D1CDE04ADB}.TestRunner|x86.Build.0 = Release|x86
		{5A2BCE35-0C43-488C-BBA5-844A5D2CBA37}.Debug|Any CPU.ActiveCfg = Debug|Any CPU
		{5A2BCE35-0C43-488C-BBA5-844A5D2CBA37}.Debug|Any CPU.Build.0 = Debug|Any CPU
		{5A2BCE35-0C43-488C-BBA5-844A5D2CBA37}.Debug|Any CPU.Deploy.0 = Debug|Any CPU
		{5A2BCE35-0C43-488C-BBA5-844A5D2CBA37}.Debug|Mixed Platforms.ActiveCfg = Debug|Any CPU
		{5A2BCE35-0C43-488C-BBA5-844A5D2CBA37}.Debug|Mixed Platforms.Build.0 = Debug|Any CPU
		{5A2BCE35-0C43-488C-BBA5-844A5D2CBA37}.Debug|x86.ActiveCfg = Debug|Any CPU
		{5A2BCE35-0C43-488C-BBA5-844A5D2CBA37}.Release|Any CPU.ActiveCfg = Release|Any CPU
		{5A2BCE35-0C43-488C-BBA5-844A5D2CBA37}.Release|Any CPU.Build.0 = Release|Any CPU
		{5A2BCE35-0C43-488C-BBA5-844A5D2CBA37}.Release|Mixed Platforms.ActiveCfg = Release|Any CPU
		{5A2BCE35-0C43-488C-BBA5-844A5D2CBA37}.Release|Mixed Platforms.Build.0 = Release|Any CPU
		{5A2BCE35-0C43-488C-BBA5-844A5D2CBA37}.Release|x86.ActiveCfg = Release|Any CPU
		{5A2BCE35-0C43-488C-BBA5-844A5D2CBA37}.TestRunner|Any CPU.ActiveCfg = TestRunner|Any CPU
		{5A2BCE35-0C43-488C-BBA5-844A5D2CBA37}.TestRunner|Any CPU.Build.0 = TestRunner|Any CPU
		{5A2BCE35-0C43-488C-BBA5-844A5D2CBA37}.TestRunner|Mixed Platforms.ActiveCfg = TestRunner|Any CPU
		{5A2BCE35-0C43-488C-BBA5-844A5D2CBA37}.TestRunner|Mixed Platforms.Build.0 = TestRunner|Any CPU
		{5A2BCE35-0C43-488C-BBA5-844A5D2CBA37}.TestRunner|x86.ActiveCfg = TestRunner|Any CPU
		{B6A94A2A-EBED-4434-8843-C233EDBDD2DF}.Debug|Any CPU.ActiveCfg = Debug|x86
		{B6A94A2A-EBED-4434-8843-C233EDBDD2DF}.Debug|Any CPU.Build.0 = Debug|x86
		{B6A94A2A-EBED-4434-8843-C233EDBDD2DF}.Debug|Mixed Platforms.ActiveCfg = Debug|x86
		{B6A94A2A-EBED-4434-8843-C233EDBDD2DF}.Debug|Mixed Platforms.Build.0 = Debug|x86
		{B6A94A2A-EBED-4434-8843-C233EDBDD2DF}.Debug|x86.ActiveCfg = Debug|x86
		{B6A94A2A-EBED-4434-8843-C233EDBDD2DF}.Debug|x86.Build.0 = Debug|x86
		{B6A94A2A-EBED-4434-8843-C233EDBDD2DF}.Release|Any CPU.ActiveCfg = Release|x86
		{B6A94A2A-EBED-4434-8843-C233EDBDD2DF}.Release|Mixed Platforms.ActiveCfg = Release|x86
		{B6A94A2A-EBED-4434-8843-C233EDBDD2DF}.Release|Mixed Platforms.Build.0 = Release|x86
		{B6A94A2A-EBED-4434-8843-C233EDBDD2DF}.Release|x86.ActiveCfg = Release|x86
		{B6A94A2A-EBED-4434-8843-C233EDBDD2DF}.Release|x86.Build.0 = Release|x86
		{B6A94A2A-EBED-4434-8843-C233EDBDD2DF}.TestRunner|Any CPU.ActiveCfg = Release|x86
		{B6A94A2A-EBED-4434-8843-C233EDBDD2DF}.TestRunner|Mixed Platforms.ActiveCfg = Release|x86
		{B6A94A2A-EBED-4434-8843-C233EDBDD2DF}.TestRunner|Mixed Platforms.Build.0 = Release|x86
		{B6A94A2A-EBED-4434-8843-C233EDBDD2DF}.TestRunner|x86.ActiveCfg = Release|x86
		{B6A94A2A-EBED-4434-8843-C233EDBDD2DF}.TestRunner|x86.Build.0 = Release|x86
		{1CE5BC4C-1B17-424D-AF76-63DEEB731216}.Debug|Any CPU.ActiveCfg = Debug|Any CPU
		{1CE5BC4C-1B17-424D-AF76-63DEEB731216}.Debug|Any CPU.Build.0 = Debug|Any CPU
		{1CE5BC4C-1B17-424D-AF76-63DEEB731216}.Debug|Mixed Platforms.ActiveCfg = Debug|Any CPU
		{1CE5BC4C-1B17-424D-AF76-63DEEB731216}.Debug|Mixed Platforms.Build.0 = Debug|Any CPU
		{1CE5BC4C-1B17-424D-AF76-63DEEB731216}.Debug|x86.ActiveCfg = Debug|Any CPU
		{1CE5BC4C-1B17-424D-AF76-63DEEB731216}.Release|Any CPU.ActiveCfg = Release|Any CPU
		{1CE5BC4C-1B17-424D-AF76-63DEEB731216}.Release|Any CPU.Build.0 = Release|Any CPU
		{1CE5BC4C-1B17-424D-AF76-63DEEB731216}.Release|Mixed Platforms.ActiveCfg = Release|Any CPU
		{1CE5BC4C-1B17-424D-AF76-63DEEB731216}.Release|Mixed Platforms.Build.0 = Release|Any CPU
		{1CE5BC4C-1B17-424D-AF76-63DEEB731216}.Release|x86.ActiveCfg = Release|Any CPU
		{1CE5BC4C-1B17-424D-AF76-63DEEB731216}.TestRunner|Any CPU.ActiveCfg = Release|Any CPU
		{1CE5BC4C-1B17-424D-AF76-63DEEB731216}.TestRunner|Any CPU.Build.0 = Release|Any CPU
		{1CE5BC4C-1B17-424D-AF76-63DEEB731216}.TestRunner|Mixed Platforms.ActiveCfg = Release|Any CPU
		{1CE5BC4C-1B17-424D-AF76-63DEEB731216}.TestRunner|Mixed Platforms.Build.0 = Release|Any CPU
		{1CE5BC4C-1B17-424D-AF76-63DEEB731216}.TestRunner|x86.ActiveCfg = Release|Any CPU
		{61879128-714E-4B66-A3E3-F3A3218B8254}.Debug|Any CPU.ActiveCfg = Debug|Any CPU
		{61879128-714E-4B66-A3E3-F3A3218B8254}.Debug|Any CPU.Build.0 = Debug|Any CPU
		{61879128-714E-4B66-A3E3-F3A3218B8254}.Debug|Mixed Platforms.ActiveCfg = Debug|Any CPU
		{61879128-714E-4B66-A3E3-F3A3218B8254}.Debug|Mixed Platforms.Build.0 = Debug|Any CPU
		{61879128-714E-4B66-A3E3-F3A3218B8254}.Debug|x86.ActiveCfg = Debug|Any CPU
		{61879128-714E-4B66-A3E3-F3A3218B8254}.Release|Any CPU.ActiveCfg = Release|Any CPU
		{61879128-714E-4B66-A3E3-F3A3218B8254}.Release|Any CPU.Build.0 = Release|Any CPU
		{61879128-714E-4B66-A3E3-F3A3218B8254}.Release|Mixed Platforms.ActiveCfg = Release|Any CPU
		{61879128-714E-4B66-A3E3-F3A3218B8254}.Release|Mixed Platforms.Build.0 = Release|Any CPU
		{61879128-714E-4B66-A3E3-F3A3218B8254}.Release|x86.ActiveCfg = Release|Any CPU
		{61879128-714E-4B66-A3E3-F3A3218B8254}.TestRunner|Any CPU.ActiveCfg = Release|Any CPU
		{61879128-714E-4B66-A3E3-F3A3218B8254}.TestRunner|Any CPU.Build.0 = Release|Any CPU
		{61879128-714E-4B66-A3E3-F3A3218B8254}.TestRunner|Mixed Platforms.ActiveCfg = Release|Any CPU
		{61879128-714E-4B66-A3E3-F3A3218B8254}.TestRunner|Mixed Platforms.Build.0 = Release|Any CPU
		{61879128-714E-4B66-A3E3-F3A3218B8254}.TestRunner|x86.ActiveCfg = Release|Any CPU
		{5AFB3739-118D-482D-BC42-8C08C1004DD6}.Debug|Any CPU.ActiveCfg = Debug|Any CPU
		{5AFB3739-118D-482D-BC42-8C08C1004DD6}.Debug|Any CPU.Build.0 = Debug|Any CPU
		{5AFB3739-118D-482D-BC42-8C08C1004DD6}.Debug|Mixed Platforms.ActiveCfg = Debug|Any CPU
		{5AFB3739-118D-482D-BC42-8C08C1004DD6}.Debug|Mixed Platforms.Build.0 = Debug|Any CPU
		{5AFB3739-118D-482D-BC42-8C08C1004DD6}.Debug|x86.ActiveCfg = Debug|Any CPU
		{5AFB3739-118D-482D-BC42-8C08C1004DD6}.Debug|x86.Build.0 = Debug|Any CPU
		{5AFB3739-118D-482D-BC42-8C08C1004DD6}.Release|Any CPU.ActiveCfg = Release|Any CPU
		{5AFB3739-118D-482D-BC42-8C08C1004DD6}.Release|Any CPU.Build.0 = Release|Any CPU
		{5AFB3739-118D-482D-BC42-8C08C1004DD6}.Release|Mixed Platforms.ActiveCfg = Release|Any CPU
		{5AFB3739-118D-482D-BC42-8C08C1004DD6}.Release|Mixed Platforms.Build.0 = Release|Any CPU
		{5AFB3739-118D-482D-BC42-8C08C1004DD6}.Release|x86.ActiveCfg = Release|Any CPU
		{5AFB3739-118D-482D-BC42-8C08C1004DD6}.Release|x86.Build.0 = Release|Any CPU
		{5AFB3739-118D-482D-BC42-8C08C1004DD6}.TestRunner|Any CPU.ActiveCfg = Release|Any CPU
		{5AFB3739-118D-482D-BC42-8C08C1004DD6}.TestRunner|Any CPU.Build.0 = Release|Any CPU
		{5AFB3739-118D-482D-BC42-8C08C1004DD6}.TestRunner|Mixed Platforms.ActiveCfg = Release|Any CPU
		{5AFB3739-118D-482D-BC42-8C08C1004DD6}.TestRunner|Mixed Platforms.Build.0 = Release|Any CPU
		{5AFB3739-118D-482D-BC42-8C08C1004DD6}.TestRunner|x86.ActiveCfg = Release|Any CPU
		{5AFB3739-118D-482D-BC42-8C08C1004DD6}.TestRunner|x86.Build.0 = Release|Any CPU
		{A6F48442-B970-47AB-B4D4-DCA58A2ED294}.Debug|Any CPU.ActiveCfg = Debug|Any CPU
		{A6F48442-B970-47AB-B4D4-DCA58A2ED294}.Debug|Any CPU.Build.0 = Debug|Any CPU
		{A6F48442-B970-47AB-B4D4-DCA58A2ED294}.Debug|Mixed Platforms.ActiveCfg = Debug|Any CPU
		{A6F48442-B970-47AB-B4D4-DCA58A2ED294}.Debug|Mixed Platforms.Build.0 = Debug|Any CPU
		{A6F48442-B970-47AB-B4D4-DCA58A2ED294}.Debug|x86.ActiveCfg = Debug|Any CPU
		{A6F48442-B970-47AB-B4D4-DCA58A2ED294}.Release|Any CPU.ActiveCfg = Release|Any CPU
		{A6F48442-B970-47AB-B4D4-DCA58A2ED294}.Release|Any CPU.Build.0 = Release|Any CPU
		{A6F48442-B970-47AB-B4D4-DCA58A2ED294}.Release|Mixed Platforms.ActiveCfg = Release|Any CPU
		{A6F48442-B970-47AB-B4D4-DCA58A2ED294}.Release|Mixed Platforms.Build.0 = Release|Any CPU
		{A6F48442-B970-47AB-B4D4-DCA58A2ED294}.Release|x86.ActiveCfg = Release|Any CPU
		{A6F48442-B970-47AB-B4D4-DCA58A2ED294}.TestRunner|Any CPU.ActiveCfg = Release|Any CPU
		{A6F48442-B970-47AB-B4D4-DCA58A2ED294}.TestRunner|Any CPU.Build.0 = Release|Any CPU
		{A6F48442-B970-47AB-B4D4-DCA58A2ED294}.TestRunner|Mixed Platforms.ActiveCfg = Release|Any CPU
		{A6F48442-B970-47AB-B4D4-DCA58A2ED294}.TestRunner|Mixed Platforms.Build.0 = Release|Any CPU
		{A6F48442-B970-47AB-B4D4-DCA58A2ED294}.TestRunner|x86.ActiveCfg = Release|Any CPU
		{338C442A-AF5C-4560-8CCD-D9A51E8B591C}.Debug|Any CPU.ActiveCfg = Debug|Any CPU
		{338C442A-AF5C-4560-8CCD-D9A51E8B591C}.Debug|Any CPU.Build.0 = Debug|Any CPU
		{338C442A-AF5C-4560-8CCD-D9A51E8B591C}.Debug|Mixed Platforms.ActiveCfg = Debug|Any CPU
		{338C442A-AF5C-4560-8CCD-D9A51E8B591C}.Debug|Mixed Platforms.Build.0 = Debug|Any CPU
		{338C442A-AF5C-4560-8CCD-D9A51E8B591C}.Debug|x86.ActiveCfg = Debug|Any CPU
		{338C442A-AF5C-4560-8CCD-D9A51E8B591C}.Release|Any CPU.ActiveCfg = Release|Any CPU
		{338C442A-AF5C-4560-8CCD-D9A51E8B591C}.Release|Any CPU.Build.0 = Release|Any CPU
		{338C442A-AF5C-4560-8CCD-D9A51E8B591C}.Release|Mixed Platforms.ActiveCfg = Release|Any CPU
		{338C442A-AF5C-4560-8CCD-D9A51E8B591C}.Release|Mixed Platforms.Build.0 = Release|Any CPU
		{338C442A-AF5C-4560-8CCD-D9A51E8B591C}.Release|x86.ActiveCfg = Release|Any CPU
		{338C442A-AF5C-4560-8CCD-D9A51E8B591C}.TestRunner|Any CPU.ActiveCfg = Release|Any CPU
		{338C442A-AF5C-4560-8CCD-D9A51E8B591C}.TestRunner|Any CPU.Build.0 = Release|Any CPU
		{338C442A-AF5C-4560-8CCD-D9A51E8B591C}.TestRunner|Mixed Platforms.ActiveCfg = Release|Any CPU
		{338C442A-AF5C-4560-8CCD-D9A51E8B591C}.TestRunner|Mixed Platforms.Build.0 = Release|Any CPU
		{338C442A-AF5C-4560-8CCD-D9A51E8B591C}.TestRunner|x86.ActiveCfg = Release|Any CPU
	EndGlobalSection
	GlobalSection(SolutionProperties) = preSolution
		HideSolutionNode = FALSE
	EndGlobalSection
	GlobalSection(NestedProjects) = preSolution
		{747B8419-A237-4AB6-A2B8-4A17027BCAF9} = {42FE82D3-31DD-4D90-9B3E-C89BCC5E3A95}
		{F24DC883-535C-49B9-89A6-75DBF5176D36} = {42FE82D3-31DD-4D90-9B3E-C89BCC5E3A95}
		{1B91ED0D-2976-4B48-83B7-AE7658B9A142} = {42FE82D3-31DD-4D90-9B3E-C89BCC5E3A95}
		{298A63CA-64DB-44A2-BCF3-9CB7FF65FF21} = {70A8E416-B9AB-45A2-A23F-B508314AEEED}
		{C8793DF7-650D-459A-8F6E-9CF621E745CF} = {70A8E416-B9AB-45A2-A23F-B508314AEEED}
		{7D27C379-2A23-43A0-87D9-59CD204444AE} = {79571259-1847-4CEB-AF25-2A5B26F8C094}
		{304AC731-72B6-49F8-8101-9B5B1C0C3065} = {42FE82D3-31DD-4D90-9B3E-C89BCC5E3A95}
		{3986ADCF-595A-4F76-A977-F1160890292D} = {42FE82D3-31DD-4D90-9B3E-C89BCC5E3A95}
		{D2B97A31-B62A-43B1-8097-728014B96BD5} = {42FE82D3-31DD-4D90-9B3E-C89BCC5E3A95}
		{42BF093B-A001-4F53-981F-E25675B9AEDA} = {42FE82D3-31DD-4D90-9B3E-C89BCC5E3A95}
		{01888178-34DC-4527-846B-9CE8B71D21E6} = {42FE82D3-31DD-4D90-9B3E-C89BCC5E3A95}
		{19FA3957-F1FD-4D24-9DEB-63D1CDE04ADB} = {42FE82D3-31DD-4D90-9B3E-C89BCC5E3A95}
		{5A2BCE35-0C43-488C-BBA5-844A5D2CBA37} = {42FE82D3-31DD-4D90-9B3E-C89BCC5E3A95}
		{B6A94A2A-EBED-4434-8843-C233EDBDD2DF} = {42FE82D3-31DD-4D90-9B3E-C89BCC5E3A95}
		{1CE5BC4C-1B17-424D-AF76-63DEEB731216} = {42FE82D3-31DD-4D90-9B3E-C89BCC5E3A95}
		{61879128-714E-4B66-A3E3-F3A3218B8254} = {70A8E416-B9AB-45A2-A23F-B508314AEEED}
		{A6F48442-B970-47AB-B4D4-DCA58A2ED294} = {70A8E416-B9AB-45A2-A23F-B508314AEEED}
		{338C442A-AF5C-4560-8CCD-D9A51E8B591C} = {70A8E416-B9AB-45A2-A23F-B508314AEEED}
	EndGlobalSection
EndGlobal
