
Microsoft Visual Studio Solution File, Format Version 12.00
# Visual Studio 2013
VisualStudioVersion = 12.0.21005.1
MinimumVisualStudioVersion = 10.0.40219.1
Project("{2150E333-8FDC-42A3-9474-1A3956D46DE8}") = "01Foundation", "01Foundation", "{42FE82D3-31DD-4D90-9B3E-C89BCC5E3A95}"
EndProject
Project("{2150E333-8FDC-42A3-9474-1A3956D46DE8}") = "02TestAuthoring API Plugin", "02TestAuthoring API Plugin", "{70A8E416-B9AB-45A2-A23F-B508314AEEED}"
EndProject
Project("{2150E333-8FDC-42A3-9474-1A3956D46DE8}") = "03Tests", "03Tests", "{79571259-1847-4CEB-AF25-2A5B26F8C094}"
EndProject
Project("{2150E333-8FDC-42A3-9474-1A3956D46DE8}") = ".nuget", ".nuget", "{74027CB5-0AF8-439A-9018-06CFF1484C69}"
	ProjectSection(SolutionItems) = preProject
		.nuget\packages.config = .nuget\packages.config
	EndProjectSection
EndProject
Project("{FAE04EC0-301F-11D3-BF4B-00C04F79EFBC}") = "MobileTestCore", "01Foundation\MobileTestCore\MobileTestCore.csproj", "{747B8419-A237-4AB6-A2B8-4A17027BCAF9}"
EndProject
Project("{FAE04EC0-301F-11D3-BF4B-00C04F79EFBC}") = "AutomationCore", "01Foundation\Common\AutomationCore.csproj", "{F24DC883-535C-49B9-89A6-75DBF5176D36}"
EndProject
Project("{FAE04EC0-301F-11D3-BF4B-00C04F79EFBC}") = "BuildAgent", "01Foundation\Deployment\BuildAgent.csproj", "{1B91ED0D-2976-4B48-83B7-AE7658B9A142}"
EndProject
Project("{FAE04EC0-301F-11D3-BF4B-00C04F79EFBC}") = "ObjectRepository", "02TestAuthoring API\CDP_ObjectRepository\ObjectRepository.csproj", "{298A63CA-64DB-44A2-BCF3-9CB7FF65FF21}"
EndProject
Project("{FAE04EC0-301F-11D3-BF4B-00C04F79EFBC}") = "IAP_Plugin", "02TestAuthoring API\CDP_TestPlugin\IAP_Plugin.csproj", "{C8793DF7-650D-459A-8F6E-9CF621E745CF}"
EndProject
Project("{FAE04EC0-301F-11D3-BF4B-00C04F79EFBC}") = "AutomationWebPortal", "01Foundation\Dashboard\AutomationWebPortal\AutomationWebPortal.csproj", "{80484E32-5D70-43B8-9BC4-3F81BF991AFA}"
EndProject
Project("{FAE04EC0-301F-11D3-BF4B-00C04F79EFBC}") = "ReliabilityTest", "03Test\ReliabilityTest\ReliabilityTest.csproj", "{621A6965-280D-4D56-9845-F0A3D6BBE351}"
EndProject
Project("{FAE04EC0-301F-11D3-BF4B-00C04F79EFBC}") = "Philips.CDPAutomation.Foundation.TestCaseDefinition", "01Foundation\TestCaseDefinition\Philips.CDPAutomation.Foundation.TestCaseDefinition.csproj", "{304AC731-72B6-49F8-8101-9B5B1C0C3065}"
EndProject
Project("{FAE04EC0-301F-11D3-BF4B-00C04F79EFBC}") = "ConsoleRunner", "01Foundation\ConsoleRunner\ConsoleRunner.csproj", "{3986ADCF-595A-4F76-A977-F1160890292D}"
EndProject
Project("{FAE04EC0-301F-11D3-BF4B-00C04F79EFBC}") = "LoggingUtility", "01Foundation\LoggingUtility\LoggingUtility.csproj", "{D2B97A31-B62A-43B1-8097-728014B96BD5}"
EndProject
Project("{FAE04EC0-301F-11D3-BF4B-00C04F79EFBC}") = "CrashNotifier", "01Foundation\CrashNotifier\CrashNotifier.csproj", "{42BF093B-A001-4F53-981F-E25675B9AEDA}"
EndProject
Project("{FAE04EC0-301F-11D3-BF4B-00C04F79EFBC}") = "TimerNotifier", "01Foundation\TimerNotifier\TimerNotifier.csproj", "{01888178-34DC-4527-846B-9CE8B71D21E6}"
EndProject
Project("{FAE04EC0-301F-11D3-BF4B-00C04F79EFBC}") = "StatusIndicator", "01Foundation\StatusIndicator\StatusIndicator.csproj", "{19FA3957-F1FD-4D24-9DEB-63D1CDE04ADB}"
EndProject
Project("{FAE04EC0-301F-11D3-BF4B-00C04F79EFBC}") = "Philips.MRAutomation.Foundation.FrameworkCore", "01Foundation\FrameworkCore\Philips.MRAutomation.Foundation.FrameworkCore.csproj", "{5A2BCE35-0C43-488C-BBA5-844A5D2CBA37}"
EndProject
Project("{FAE04EC0-301F-11D3-BF4B-00C04F79EFBC}") = "WinEventHook", "01Foundation\WinEventHook\WinEventHook.csproj", "{B6A94A2A-EBED-4434-8843-C233EDBDD2DF}"
EndProject
Project("{2150E333-8FDC-42A3-9474-1A3956D46DE8}") = "04Documentation", "04Documentation", "{9478FFE6-B2F6-4FED-8DA5-DD7BCCB907A8}"
EndProject
Project("{FAE04EC0-301F-11D3-BF4B-00C04F79EFBC}") = "IAP.iOS.TestPlugin", "02TestAuthoring API\IAP.iOS.TestPlugin\IAP.iOS.TestPlugin.csproj", "{79380657-3624-4875-A074-0A780577D9F0}"
EndProject
Project("{FAE04EC0-301F-11D3-BF4B-00C04F79EFBC}") = "SIGAutomationPortal", "01Foundation\SIGAutomationPortal\SIGAutomationPortal\SIGAutomationPortal.csproj", "{1CE5BC4C-1B17-424D-AF76-63DEEB731216}"
EndProject
Global
	GlobalSection(TeamFoundationVersionControl) = preSolution
		SccNumberOfProjects = 3
		SccEnterpriseProvider = {4CA58AB2-18FA-4F8D-95D4-32DDF27D184C}
		SccTeamFoundationServer = http://sggsgpdcs1vw032:8080/tfs/tfs2013_staging
		SccProjectUniqueName0 = 01Foundation\\Common\\AutomationCore.csproj
		SccProjectTopLevelParentUniqueName0 = CDPTestPlatform_Reliability.sln
		SccProjectName0 = 01Foundation/Common
		SccAuxPath0 = http://sggsgpdcs1vw032:8080/tfs/tfs2013_staging
		SccLocalPath0 = 01Foundation\\Common
		SccProvider0 = {4CA58AB2-18FA-4F8D-95D4-32DDF27D184C}
		SccProjectUniqueName1 = 01Foundation\\Deployment\\BuildAgent.csproj
		SccProjectTopLevelParentUniqueName1 = CDPTestPlatform_Reliability.sln
		SccProjectName1 = 01Foundation/Deployment
		SccAuxPath1 = http://sggsgpdcs1vw032:8080/tfs/tfs2013_staging
		SccLocalPath1 = 01Foundation\\Deployment
		SccProvider1 = {4CA58AB2-18FA-4F8D-95D4-32DDF27D184C}
		SccProjectUniqueName2 = 01Foundation\\Dashboard\\AutomationWebPortal\\AutomationWebPortal.csproj
		SccProjectTopLevelParentUniqueName2 = CDPTestPlatform_Reliability.sln
		SccProjectName2 = 01Foundation/Dashboard/AutomationWebPortal
		SccAuxPath2 = http://sggsgpdcs1vw032:8080/tfs/tfs2013_staging
		SccLocalPath2 = 01Foundation\\Dashboard\\AutomationWebPortal
		SccProvider2 = {4CA58AB2-18FA-4F8D-95D4-32DDF27D184C}
	EndGlobalSection
	GlobalSection(SolutionConfigurationPlatforms) = preSolution
		Debug|Any CPU = Debug|Any CPU
		Debug|Mixed Platforms = Debug|Mixed Platforms
		Debug|x86 = Debug|x86
		Release|Any CPU = Release|Any CPU
		Release|Mixed Platforms = Release|Mixed Platforms
		Release|x86 = Release|x86
		TestRunner|Any CPU = TestRunner|Any CPU
		TestRunner|Mixed Platforms = TestRunner|Mixed Platforms
		TestRunner|x86 = TestRunner|x86
	EndGlobalSection
	GlobalSection(ProjectConfigurationPlatforms) = postSolution
		{747B8419-A237-4AB6-A2B8-4A17027BCAF9}.Debug|Any CPU.ActiveCfg = Debug|Any CPU
		{747B8419-A237-4AB6-A2B8-4A17027BCAF9}.Debug|Any CPU.Build.0 = Debug|Any CPU
		{747B8419-A237-4AB6-A2B8-4A17027BCAF9}.Debug|Mixed Platforms.ActiveCfg = Debug|Any CPU
		{747B8419-A237-4AB6-A2B8-4A17027BCAF9}.Debug|Mixed Platforms.Build.0 = Debug|Any CPU
		{747B8419-A237-4AB6-A2B8-4A17027BCAF9}.Debug|x86.ActiveCfg = Debug|Any CPU
		{747B8419-A237-4AB6-A2B8-4A17027BCAF9}.Release|Any CPU.ActiveCfg = Release|Any CPU
		{747B8419-A237-4AB6-A2B8-4A17027BCAF9}.Release|Any CPU.Build.0 = Release|Any CPU
		{747B8419-A237-4AB6-A2B8-4A17027BCAF9}.Release|Mixed Platforms.ActiveCfg = Release|Any CPU
		{747B8419-A237-4AB6-A2B8-4A17027BCAF9}.Release|Mixed Platforms.Build.0 = Release|Any CPU
		{747B8419-A237-4AB6-A2B8-4A17027BCAF9}.Release|x86.ActiveCfg = Release|Any CPU
		{747B8419-A237-4AB6-A2B8-4A17027BCAF9}.TestRunner|Any CPU.ActiveCfg = Release|Any CPU
		{747B8419-A237-4AB6-A2B8-4A17027BCAF9}.TestRunner|Any CPU.Build.0 = Release|Any CPU
		{747B8419-A237-4AB6-A2B8-4A17027BCAF9}.TestRunner|Mixed Platforms.ActiveCfg = Release|Any CPU
		{747B8419-A237-4AB6-A2B8-4A17027BCAF9}.TestRunner|Mixed Platforms.Build.0 = Release|Any CPU
		{747B8419-A237-4AB6-A2B8-4A17027BCAF9}.TestRunner|x86.ActiveCfg = Release|Any CPU
		{F24DC883-535C-49B9-89A6-75DBF5176D36}.Debug|Any CPU.ActiveCfg = Debug|Any CPU
		{F24DC883-535C-49B9-89A6-75DBF5176D36}.Debug|Any CPU.Build.0 = Debug|Any CPU
		{F24DC883-535C-49B9-89A6-75DBF5176D36}.Debug|Mixed Platforms.ActiveCfg = Debug|Any CPU
		{F24DC883-535C-49B9-89A6-75DBF5176D36}.Debug|Mixed Platforms.Build.0 = Debug|Any CPU
		{F24DC883-535C-49B9-89A6-75DBF5176D36}.Debug|x86.ActiveCfg = Debug|Any CPU
		{F24DC883-535C-49B9-89A6-75DBF5176D36}.Release|Any CPU.ActiveCfg = Release|Any CPU
		{F24DC883-535C-49B9-89A6-75DBF5176D36}.Release|Any CPU.Build.0 = Release|Any CPU
		{F24DC883-535C-49B9-89A6-75DBF5176D36}.Release|Mixed Platforms.ActiveCfg = Release|Any CPU
		{F24DC883-535C-49B9-89A6-75DBF5176D36}.Release|Mixed Platforms.Build.0 = Release|Any CPU
		{F24DC883-535C-49B9-89A6-75DBF5176D36}.Release|x86.ActiveCfg = Release|Any CPU
		{F24DC883-535C-49B9-89A6-75DBF5176D36}.TestRunner|Any CPU.ActiveCfg = Release|Any CPU
		{F24DC883-535C-49B9-89A6-75DBF5176D36}.TestRunner|Any CPU.Build.0 = Release|Any CPU
		{F24DC883-535C-49B9-89A6-75DBF5176D36}.TestRunner|Mixed Platforms.ActiveCfg = Release|Any CPU
		{F24DC883-535C-49B9-89A6-75DBF5176D36}.TestRunner|Mixed Platforms.Build.0 = Release|Any CPU
		{F24DC883-535C-49B9-89A6-75DBF5176D36}.TestRunner|x86.ActiveCfg = Release|Any CPU
		{1B91ED0D-2976-4B48-83B7-AE7658B9A142}.Debug|Any CPU.ActiveCfg = Debug|Any CPU
		{1B91ED0D-2976-4B48-83B7-AE7658B9A142}.Debug|Any CPU.Build.0 = Debug|Any CPU
		{1B91ED0D-2976-4B48-83B7-AE7658B9A142}.Debug|Mixed Platforms.ActiveCfg = Debug|Any CPU
		{1B91ED0D-2976-4B48-83B7-AE7658B9A142}.Debug|Mixed Platforms.Build.0 = Debug|Any CPU
		{1B91ED0D-2976-4B48-83B7-AE7658B9A142}.Debug|x86.ActiveCfg = Debug|Any CPU
		{1B91ED0D-2976-4B48-83B7-AE7658B9A142}.Release|Any CPU.ActiveCfg = Release|Any CPU
		{1B91ED0D-2976-4B48-83B7-AE7658B9A142}.Release|Any CPU.Build.0 = Release|Any CPU
		{1B91ED0D-2976-4B48-83B7-AE7658B9A142}.Release|Mixed Platforms.ActiveCfg = Release|Any CPU
		{1B91ED0D-2976-4B48-83B7-AE7658B9A142}.Release|Mixed Platforms.Build.0 = Release|Any CPU
		{1B91ED0D-2976-4B48-83B7-AE7658B9A142}.Release|x86.ActiveCfg = Release|Any CPU
		{1B91ED0D-2976-4B48-83B7-AE7658B9A142}.TestRunner|Any CPU.ActiveCfg = Release|Any CPU
		{1B91ED0D-2976-4B48-83B7-AE7658B9A142}.TestRunner|Any CPU.Build.0 = Release|Any CPU
		{1B91ED0D-2976-4B48-83B7-AE7658B9A142}.TestRunner|Mixed Platforms.ActiveCfg = Release|Any CPU
		{1B91ED0D-2976-4B48-83B7-AE7658B9A142}.TestRunner|Mixed Platforms.Build.0 = Release|Any CPU
		{1B91ED0D-2976-4B48-83B7-AE7658B9A142}.TestRunner|x86.ActiveCfg = Release|Any CPU
		{298A63CA-64DB-44A2-BCF3-9CB7FF65FF21}.Debug|Any CPU.ActiveCfg = Debug|Any CPU
		{298A63CA-64DB-44A2-BCF3-9CB7FF65FF21}.Debug|Any CPU.Build.0 = Debug|Any CPU
		{298A63CA-64DB-44A2-BCF3-9CB7FF65FF21}.Debug|Mixed Platforms.ActiveCfg = Debug|Any CPU
		{298A63CA-64DB-44A2-BCF3-9CB7FF65FF21}.Debug|Mixed Platforms.Build.0 = Debug|Any CPU
		{298A63CA-64DB-44A2-BCF3-9CB7FF65FF21}.Debug|x86.ActiveCfg = Debug|Any CPU
		{298A63CA-64DB-44A2-BCF3-9CB7FF65FF21}.Release|Any CPU.ActiveCfg = Release|Any CPU
		{298A63CA-64DB-44A2-BCF3-9CB7FF65FF21}.Release|Any CPU.Build.0 = Release|Any CPU
		{298A63CA-64DB-44A2-BCF3-9CB7FF65FF21}.Release|Mixed Platforms.ActiveCfg = Release|Any CPU
		{298A63CA-64DB-44A2-BCF3-9CB7FF65FF21}.Release|Mixed Platforms.Build.0 = Release|Any CPU
		{298A63CA-64DB-44A2-BCF3-9CB7FF65FF21}.Release|x86.ActiveCfg = Release|Any CPU
		{298A63CA-64DB-44A2-BCF3-9CB7FF65FF21}.TestRunner|Any CPU.ActiveCfg = Release|Any CPU
		{298A63CA-64DB-44A2-BCF3-9CB7FF65FF21}.TestRunner|Any CPU.Build.0 = Release|Any CPU
		{298A63CA-64DB-44A2-BCF3-9CB7FF65FF21}.TestRunner|Mixed Platforms.ActiveCfg = Release|Any CPU
		{298A63CA-64DB-44A2-BCF3-9CB7FF65FF21}.TestRunner|Mixed Platforms.Build.0 = Release|Any CPU
		{298A63CA-64DB-44A2-BCF3-9CB7FF65FF21}.TestRunner|x86.ActiveCfg = Release|Any CPU
		{C8793DF7-650D-459A-8F6E-9CF621E745CF}.Debug|Any CPU.ActiveCfg = Debug|Any CPU
		{C8793DF7-650D-459A-8F6E-9CF621E745CF}.Debug|Any CPU.Build.0 = Debug|Any CPU
		{C8793DF7-650D-459A-8F6E-9CF621E745CF}.Debug|Mixed Platforms.ActiveCfg = Debug|Any CPU
		{C8793DF7-650D-459A-8F6E-9CF621E745CF}.Debug|Mixed Platforms.Build.0 = Debug|Any CPU
		{C8793DF7-650D-459A-8F6E-9CF621E745CF}.Debug|x86.ActiveCfg = Debug|Any CPU
		{C8793DF7-650D-459A-8F6E-9CF621E745CF}.Release|Any CPU.ActiveCfg = Release|Any CPU
		{C8793DF7-650D-459A-8F6E-9CF621E745CF}.Release|Any CPU.Build.0 = Release|Any CPU
		{C8793DF7-650D-459A-8F6E-9CF621E745CF}.Release|Mixed Platforms.ActiveCfg = Release|Any CPU
		{C8793DF7-650D-459A-8F6E-9CF621E745CF}.Release|Mixed Platforms.Build.0 = Release|Any CPU
		{C8793DF7-650D-459A-8F6E-9CF621E745CF}.Release|x86.ActiveCfg = Release|Any CPU
		{C8793DF7-650D-459A-8F6E-9CF621E745CF}.TestRunner|Any CPU.ActiveCfg = Release|Any CPU
		{C8793DF7-650D-459A-8F6E-9CF621E745CF}.TestRunner|Any CPU.Build.0 = Release|Any CPU
		{C8793DF7-650D-459A-8F6E-9CF621E745CF}.TestRunner|Mixed Platforms.ActiveCfg = Release|Any CPU
		{C8793DF7-650D-459A-8F6E-9CF621E745CF}.TestRunner|Mixed Platforms.Build.0 = Release|Any CPU
		{C8793DF7-650D-459A-8F6E-9CF621E745CF}.TestRunner|x86.ActiveCfg = Release|Any CPU
		{80484E32-5D70-43B8-9BC4-3F81BF991AFA}.Debug|Any CPU.ActiveCfg = Debug|Any CPU
		{80484E32-5D70-43B8-9BC4-3F81BF991AFA}.Debug|Any CPU.Build.0 = Debug|Any CPU
		{80484E32-5D70-43B8-9BC4-3F81BF991AFA}.Debug|Mixed Platforms.ActiveCfg = Debug|Any CPU
		{80484E32-5D70-43B8-9BC4-3F81BF991AFA}.Debug|Mixed Platforms.Build.0 = Debug|Any CPU
		{80484E32-5D70-43B8-9BC4-3F81BF991AFA}.Debug|x86.ActiveCfg = Debug|Any CPU
		{80484E32-5D70-43B8-9BC4-3F81BF991AFA}.Release|Any CPU.ActiveCfg = Release|Any CPU
		{80484E32-5D70-43B8-9BC4-3F81BF991AFA}.Release|Any CPU.Build.0 = Release|Any CPU
		{80484E32-5D70-43B8-9BC4-3F81BF991AFA}.Release|Mixed Platforms.ActiveCfg = Release|Any CPU
		{80484E32-5D70-43B8-9BC4-3F81BF991AFA}.Release|Mixed Platforms.Build.0 = Release|Any CPU
		{80484E32-5D70-43B8-9BC4-3F81BF991AFA}.Release|x86.ActiveCfg = Release|Any CPU
		{80484E32-5D70-43B8-9BC4-3F81BF991AFA}.TestRunner|Any CPU.ActiveCfg = Release|Any CPU
		{80484E32-5D70-43B8-9BC4-3F81BF991AFA}.TestRunner|Any CPU.Build.0 = Release|Any CPU
		{80484E32-5D70-43B8-9BC4-3F81BF991AFA}.TestRunner|Mixed Platforms.ActiveCfg = Release|Any CPU
		{80484E32-5D70-43B8-9BC4-3F81BF991AFA}.TestRunner|Mixed Platforms.Build.0 = Release|Any CPU
		{80484E32-5D70-43B8-9BC4-3F81BF991AFA}.TestRunner|x86.ActiveCfg = Release|Any CPU
		{621A6965-280D-4D56-9845-F0A3D6BBE351}.Debug|Any CPU.ActiveCfg = Debug|Any CPU
		{621A6965-280D-4D56-9845-F0A3D6BBE351}.Debug|Any CPU.Build.0 = Debug|Any CPU
		{621A6965-280D-4D56-9845-F0A3D6BBE351}.Debug|Mixed Platforms.ActiveCfg = Debug|Any CPU
		{621A6965-280D-4D56-9845-F0A3D6BBE351}.Debug|Mixed Platforms.Build.0 = Debug|Any CPU
		{621A6965-280D-4D56-9845-F0A3D6BBE351}.Debug|x86.ActiveCfg = Debug|Any CPU
		{621A6965-280D-4D56-9845-F0A3D6BBE351}.Release|Any CPU.ActiveCfg = Release|Any CPU
		{621A6965-280D-4D56-9845-F0A3D6BBE351}.Release|Any CPU.Build.0 = Release|Any CPU
		{621A6965-280D-4D56-9845-F0A3D6BBE351}.Release|Mixed Platforms.ActiveCfg = Release|Any CPU
		{621A6965-280D-4D56-9845-F0A3D6BBE351}.Release|Mixed Platforms.Build.0 = Release|Any CPU
		{621A6965-280D-4D56-9845-F0A3D6BBE351}.Release|x86.ActiveCfg = Release|Any CPU
		{621A6965-280D-4D56-9845-F0A3D6BBE351}.TestRunner|Any CPU.ActiveCfg = Release|Any CPU
		{621A6965-280D-4D56-9845-F0A3D6BBE351}.TestRunner|Any CPU.Build.0 = Release|Any CPU
		{621A6965-280D-4D56-9845-F0A3D6BBE351}.TestRunner|Mixed Platforms.ActiveCfg = Release|Any CPU
		{621A6965-280D-4D56-9845-F0A3D6BBE351}.TestRunner|Mixed Platforms.Build.0 = Release|Any CPU
		{621A6965-280D-4D56-9845-F0A3D6BBE351}.TestRunner|x86.ActiveCfg = Release|Any CPU
		{304AC731-72B6-49F8-8101-9B5B1C0C3065}.Debug|Any CPU.ActiveCfg = Debug|Any CPU
		{304AC731-72B6-49F8-8101-9B5B1C0C3065}.Debug|Any CPU.Build.0 = Debug|Any CPU
		{304AC731-72B6-49F8-8101-9B5B1C0C3065}.Debug|Mixed Platforms.ActiveCfg = Debug|Any CPU
		{304AC731-72B6-49F8-8101-9B5B1C0C3065}.Debug|Mixed Platforms.Build.0 = Debug|Any CPU
		{304AC731-72B6-49F8-8101-9B5B1C0C3065}.Debug|x86.ActiveCfg = Debug|Any CPU
		{304AC731-72B6-49F8-8101-9B5B1C0C3065}.Release|Any CPU.ActiveCfg = Release|Any CPU
		{304AC731-72B6-49F8-8101-9B5B1C0C3065}.Release|Any CPU.Build.0 = Release|Any CPU
		{304AC731-72B6-49F8-8101-9B5B1C0C3065}.Release|Mixed Platforms.ActiveCfg = Release|Any CPU
		{304AC731-72B6-49F8-8101-9B5B1C0C3065}.Release|Mixed Platforms.Build.0 = Release|Any CPU
		{304AC731-72B6-49F8-8101-9B5B1C0C3065}.Release|x86.ActiveCfg = Release|Any CPU
		{304AC731-72B6-49F8-8101-9B5B1C0C3065}.TestRunner|Any CPU.ActiveCfg = TestRunner|Any CPU
		{304AC731-72B6-49F8-8101-9B5B1C0C3065}.TestRunner|Any CPU.Build.0 = TestRunner|Any CPU
		{304AC731-72B6-49F8-8101-9B5B1C0C3065}.TestRunner|Mixed Platforms.ActiveCfg = TestRunner|Any CPU
		{304AC731-72B6-49F8-8101-9B5B1C0C3065}.TestRunner|Mixed Platforms.Build.0 = TestRunner|Any CPU
		{304AC731-72B6-49F8-8101-9B5B1C0C3065}.TestRunner|x86.ActiveCfg = TestRunner|Any CPU
		{3986ADCF-595A-4F76-A977-F1160890292D}.Debug|Any CPU.ActiveCfg = Debug|x86
		{3986ADCF-595A-4F76-A977-F1160890292D}.Debug|Any CPU.Build.0 = Debug|x86
		{3986ADCF-595A-4F76-A977-F1160890292D}.Debug|Mixed Platforms.ActiveCfg = Debug|x86
		{3986ADCF-595A-4F76-A977-F1160890292D}.Debug|Mixed Platforms.Build.0 = Debug|x86
		{3986ADCF-595A-4F76-A977-F1160890292D}.Debug|x86.ActiveCfg = Debug|x86
		{3986ADCF-595A-4F76-A977-F1160890292D}.Debug|x86.Build.0 = Debug|x86
		{3986ADCF-595A-4F76-A977-F1160890292D}.Release|Any CPU.ActiveCfg = Release|x86
		{3986ADCF-595A-4F76-A977-F1160890292D}.Release|Mixed Platforms.ActiveCfg = Release|x86
		{3986ADCF-595A-4F76-A977-F1160890292D}.Release|Mixed Platforms.Build.0 = Release|x86
		{3986ADCF-595A-4F76-A977-F1160890292D}.Release|x86.ActiveCfg = Release|x86
		{3986ADCF-595A-4F76-A977-F1160890292D}.Release|x86.Build.0 = Release|x86
		{3986ADCF-595A-4F76-A977-F1160890292D}.TestRunner|Any CPU.ActiveCfg = Release|x86
		{3986ADCF-595A-4F76-A977-F1160890292D}.TestRunner|Mixed Platforms.ActiveCfg = Release|x86
		{3986ADCF-595A-4F76-A977-F1160890292D}.TestRunner|Mixed Platforms.Build.0 = Release|x86
		{3986ADCF-595A-4F76-A977-F1160890292D}.TestRunner|x86.ActiveCfg = Release|x86
		{3986ADCF-595A-4F76-A977-F1160890292D}.TestRunner|x86.Build.0 = Release|x86
		{D2B97A31-B62A-43B1-8097-728014B96BD5}.Debug|Any CPU.ActiveCfg = Debug|Any CPU
		{D2B97A31-B62A-43B1-8097-728014B96BD5}.Debug|Any CPU.Build.0 = Debug|Any CPU
		{D2B97A31-B62A-43B1-8097-728014B96BD5}.Debug|Mixed Platforms.ActiveCfg = Debug|Any CPU
		{D2B97A31-B62A-43B1-8097-728014B96BD5}.Debug|Mixed Platforms.Build.0 = Debug|Any CPU
		{D2B97A31-B62A-43B1-8097-728014B96BD5}.Debug|x86.ActiveCfg = Debug|Any CPU
		{D2B97A31-B62A-43B1-8097-728014B96BD5}.Release|Any CPU.ActiveCfg = Release|Any CPU
		{D2B97A31-B62A-43B1-8097-728014B96BD5}.Release|Any CPU.Build.0 = Release|Any CPU
		{D2B97A31-B62A-43B1-8097-728014B96BD5}.Release|Mixed Platforms.ActiveCfg = Release|Any CPU
		{D2B97A31-B62A-43B1-8097-728014B96BD5}.Release|Mixed Platforms.Build.0 = Release|Any CPU
		{D2B97A31-B62A-43B1-8097-728014B96BD5}.Release|x86.ActiveCfg = Release|Any CPU
		{D2B97A31-B62A-43B1-8097-728014B96BD5}.TestRunner|Any CPU.ActiveCfg = Release|Any CPU
		{D2B97A31-B62A-43B1-8097-728014B96BD5}.TestRunner|Any CPU.Build.0 = Release|Any CPU
		{D2B97A31-B62A-43B1-8097-728014B96BD5}.TestRunner|Mixed Platforms.ActiveCfg = Release|Any CPU
		{D2B97A31-B62A-43B1-8097-728014B96BD5}.TestRunner|Mixed Platforms.Build.0 = Release|Any CPU
		{D2B97A31-B62A-43B1-8097-728014B96BD5}.TestRunner|x86.ActiveCfg = Release|Any CPU
		{42BF093B-A001-4F53-981F-E25675B9AEDA}.Debug|Any CPU.ActiveCfg = Debug|x86
		{42BF093B-A001-4F53-981F-E25675B9AEDA}.Debug|Any CPU.Build.0 = Debug|x86
		{42BF093B-A001-4F53-981F-E25675B9AEDA}.Debug|Mixed Platforms.ActiveCfg = Debug|x86
		{42BF093B-A001-4F53-981F-E25675B9AEDA}.Debug|Mixed Platforms.Build.0 = Debug|x86
		{42BF093B-A001-4F53-981F-E25675B9AEDA}.Debug|x86.ActiveCfg = Debug|x86
		{42BF093B-A001-4F53-981F-E25675B9AEDA}.Debug|x86.Build.0 = Debug|x86
		{42BF093B-A001-4F53-981F-E25675B9AEDA}.Release|Any CPU.ActiveCfg = Release|x86
		{42BF093B-A001-4F53-981F-E25675B9AEDA}.Release|Mixed Platforms.ActiveCfg = Release|x86
		{42BF093B-A001-4F53-981F-E25675B9AEDA}.Release|Mixed Platforms.Build.0 = Release|x86
		{42BF093B-A001-4F53-981F-E25675B9AEDA}.Release|x86.ActiveCfg = Release|x86
		{42BF093B-A001-4F53-981F-E25675B9AEDA}.Release|x86.Build.0 = Release|x86
		{42BF093B-A001-4F53-981F-E25675B9AEDA}.TestRunner|Any CPU.ActiveCfg = Release|x86
		{42BF093B-A001-4F53-981F-E25675B9AEDA}.TestRunner|Mixed Platforms.ActiveCfg = Release|x86
		{42BF093B-A001-4F53-981F-E25675B9AEDA}.TestRunner|Mixed Platforms.Build.0 = Release|x86
		{42BF093B-A001-4F53-981F-E25675B9AEDA}.TestRunner|x86.ActiveCfg = Release|x86
		{42BF093B-A001-4F53-981F-E25675B9AEDA}.TestRunner|x86.Build.0 = Release|x86
		{01888178-34DC-4527-846B-9CE8B71D21E6}.Debug|Any CPU.ActiveCfg = Debug|Any CPU
		{01888178-34DC-4527-846B-9CE8B71D21E6}.Debug|Any CPU.Build.0 = Debug|Any CPU
		{01888178-34DC-4527-846B-9CE8B71D21E6}.Debug|Mixed Platforms.ActiveCfg = Debug|Any CPU
		{01888178-34DC-4527-846B-9CE8B71D21E6}.Debug|Mixed Platforms.Build.0 = Debug|Any CPU
		{01888178-34DC-4527-846B-9CE8B71D21E6}.Debug|x86.ActiveCfg = Debug|Any CPU
		{01888178-34DC-4527-846B-9CE8B71D21E6}.Release|Any CPU.ActiveCfg = Release|Any CPU
		{01888178-34DC-4527-846B-9CE8B71D21E6}.Release|Any CPU.Build.0 = Release|Any CPU
		{01888178-34DC-4527-846B-9CE8B71D21E6}.Release|Mixed Platforms.ActiveCfg = Release|Any CPU
		{01888178-34DC-4527-846B-9CE8B71D21E6}.Release|Mixed Platforms.Build.0 = Release|Any CPU
		{01888178-34DC-4527-846B-9CE8B71D21E6}.Release|x86.ActiveCfg = Release|Any CPU
		{01888178-34DC-4527-846B-9CE8B71D21E6}.TestRunner|Any CPU.ActiveCfg = Release|Any CPU
		{01888178-34DC-4527-846B-9CE8B71D21E6}.TestRunner|Any CPU.Build.0 = Release|Any CPU
		{01888178-34DC-4527-846B-9CE8B71D21E6}.TestRunner|Mixed Platforms.ActiveCfg = Release|Any CPU
		{01888178-34DC-4527-846B-9CE8B71D21E6}.TestRunner|Mixed Platforms.Build.0 = Release|Any CPU
		{01888178-34DC-4527-846B-9CE8B71D21E6}.TestRunner|x86.ActiveCfg = Release|Any CPU
		{19FA3957-F1FD-4D24-9DEB-63D1CDE04ADB}.Debug|Any CPU.ActiveCfg = Debug|x86
		{19FA3957-F1FD-4D24-9DEB-63D1CDE04ADB}.Debug|Any CPU.Build.0 = Debug|x86
		{19FA3957-F1FD-4D24-9DEB-63D1CDE04ADB}.Debug|Mixed Platforms.ActiveCfg = Debug|x86
		{19FA3957-F1FD-4D24-9DEB-63D1CDE04ADB}.Debug|Mixed Platforms.Build.0 = Debug|x86
		{19FA3957-F1FD-4D24-9DEB-63D1CDE04ADB}.Debug|x86.ActiveCfg = Debug|x86
		{19FA3957-F1FD-4D24-9DEB-63D1CDE04ADB}.Debug|x86.Build.0 = Debug|x86
		{19FA3957-F1FD-4D24-9DEB-63D1CDE04ADB}.Release|Any CPU.ActiveCfg = Release|x86
		{19FA3957-F1FD-4D24-9DEB-63D1CDE04ADB}.Release|Mixed Platforms.ActiveCfg = Release|x86
		{19FA3957-F1FD-4D24-9DEB-63D1CDE04ADB}.Release|Mixed Platforms.Build.0 = Release|x86
		{19FA3957-F1FD-4D24-9DEB-63D1CDE04ADB}.Release|x86.ActiveCfg = Release|x86
		{19FA3957-F1FD-4D24-9DEB-63D1CDE04ADB}.Release|x86.Build.0 = Release|x86
		{19FA3957-F1FD-4D24-9DEB-63D1CDE04ADB}.TestRunner|Any CPU.ActiveCfg = Release|x86
		{19FA3957-F1FD-4D24-9DEB-63D1CDE04ADB}.TestRunner|Mixed Platforms.ActiveCfg = Release|x86
		{19FA3957-F1FD-4D24-9DEB-63D1CDE04ADB}.TestRunner|Mixed Platforms.Build.0 = Release|x86
		{19FA3957-F1FD-4D24-9DEB-63D1CDE04ADB}.TestRunner|x86.ActiveCfg = Release|x86
		{19FA3957-F1FD-4D24-9DEB-63D1CDE04ADB}.TestRunner|x86.Build.0 = Release|x86
		{5A2BCE35-0C43-488C-BBA5-844A5D2CBA37}.Debug|Any CPU.ActiveCfg = Debug|Any CPU
		{5A2BCE35-0C43-488C-BBA5-844A5D2CBA37}.Debug|Any CPU.Build.0 = Debug|Any CPU
		{5A2BCE35-0C43-488C-BBA5-844A5D2CBA37}.Debug|Any CPU.Deploy.0 = Debug|Any CPU
		{5A2BCE35-0C43-488C-BBA5-844A5D2CBA37}.Debug|Mixed Platforms.ActiveCfg = Debug|Any CPU
		{5A2BCE35-0C43-488C-BBA5-844A5D2CBA37}.Debug|Mixed Platforms.Build.0 = Debug|Any CPU
		{5A2BCE35-0C43-488C-BBA5-844A5D2CBA37}.Debug|x86.ActiveCfg = Debug|Any CPU
		{5A2BCE35-0C43-488C-BBA5-844A5D2CBA37}.Release|Any CPU.ActiveCfg = Release|Any CPU
		{5A2BCE35-0C43-488C-BBA5-844A5D2CBA37}.Release|Any CPU.Build.0 = Release|Any CPU
		{5A2BCE35-0C43-488C-BBA5-844A5D2CBA37}.Release|Mixed Platforms.ActiveCfg = Release|Any CPU
		{5A2BCE35-0C43-488C-BBA5-844A5D2CBA37}.Release|Mixed Platforms.Build.0 = Release|Any CPU
		{5A2BCE35-0C43-488C-BBA5-844A5D2CBA37}.Release|x86.ActiveCfg = Release|Any CPU
		{5A2BCE35-0C43-488C-BBA5-844A5D2CBA37}.TestRunner|Any CPU.ActiveCfg = TestRunner|Any CPU
		{5A2BCE35-0C43-488C-BBA5-844A5D2CBA37}.TestRunner|Any CPU.Build.0 = TestRunner|Any CPU
		{5A2BCE35-0C43-488C-BBA5-844A5D2CBA37}.TestRunner|Mixed Platforms.ActiveCfg = TestRunner|Any CPU
		{5A2BCE35-0C43-488C-BBA5-844A5D2CBA37}.TestRunner|Mixed Platforms.Build.0 = TestRunner|Any CPU
		{5A2BCE35-0C43-488C-BBA5-844A5D2CBA37}.TestRunner|x86.ActiveCfg = TestRunner|Any CPU
		{B6A94A2A-EBED-4434-8843-C233EDBDD2DF}.Debug|Any CPU.ActiveCfg = Debug|x86
		{B6A94A2A-EBED-4434-8843-C233EDBDD2DF}.Debug|Any CPU.Build.0 = Debug|x86
		{B6A94A2A-EBED-4434-8843-C233EDBDD2DF}.Debug|Mixed Platforms.ActiveCfg = Debug|x86
		{B6A94A2A-EBED-4434-8843-C233EDBDD2DF}.Debug|Mixed Platforms.Build.0 = Debug|x86
		{B6A94A2A-EBED-4434-8843-C233EDBDD2DF}.Debug|x86.ActiveCfg = Debug|x86
		{B6A94A2A-EBED-4434-8843-C233EDBDD2DF}.Debug|x86.Build.0 = Debug|x86
		{B6A94A2A-EBED-4434-8843-C233EDBDD2DF}.Release|Any CPU.ActiveCfg = Release|x86
		{B6A94A2A-EBED-4434-8843-C233EDBDD2DF}.Release|Mixed Platforms.ActiveCfg = Release|x86
		{B6A94A2A-EBED-4434-8843-C233EDBDD2DF}.Release|Mixed Platforms.Build.0 = Release|x86
		{B6A94A2A-EBED-4434-8843-C233EDBDD2DF}.Release|x86.ActiveCfg = Release|x86
		{B6A94A2A-EBED-4434-8843-C233EDBDD2DF}.Release|x86.Build.0 = Release|x86
		{B6A94A2A-EBED-4434-8843-C233EDBDD2DF}.TestRunner|Any CPU.ActiveCfg = Release|x86
		{B6A94A2A-EBED-4434-8843-C233EDBDD2DF}.TestRunner|Mixed Platforms.ActiveCfg = Release|x86
		{B6A94A2A-EBED-4434-8843-C233EDBDD2DF}.TestRunner|Mixed Platforms.Build.0 = Release|x86
		{B6A94A2A-EBED-4434-8843-C233EDBDD2DF}.TestRunner|x86.ActiveCfg = Release|x86
		{B6A94A2A-EBED-4434-8843-C233EDBDD2DF}.TestRunner|x86.Build.0 = Release|x86
		{79380657-3624-4875-A074-0A780577D9F0}.Debug|Any CPU.ActiveCfg = Debug|Any CPU
		{79380657-3624-4875-A074-0A780577D9F0}.Debug|Any CPU.Build.0 = Debug|Any CPU
		{79380657-3624-4875-A074-0A780577D9F0}.Debug|Mixed Platforms.ActiveCfg = Debug|Any CPU
		{79380657-3624-4875-A074-0A780577D9F0}.Debug|Mixed Platforms.Build.0 = Debug|Any CPU
		{79380657-3624-4875-A074-0A780577D9F0}.Debug|x86.ActiveCfg = Debug|Any CPU
		{79380657-3624-4875-A074-0A780577D9F0}.Release|Any CPU.ActiveCfg = Release|Any CPU
		{79380657-3624-4875-A074-0A780577D9F0}.Release|Any CPU.Build.0 = Release|Any CPU
		{79380657-3624-4875-A074-0A780577D9F0}.Release|Mixed Platforms.ActiveCfg = Release|Any CPU
		{79380657-3624-4875-A074-0A780577D9F0}.Release|Mixed Platforms.Build.0 = Release|Any CPU
		{79380657-3624-4875-A074-0A780577D9F0}.Release|x86.ActiveCfg = Release|Any CPU
		{79380657-3624-4875-A074-0A780577D9F0}.TestRunner|Any CPU.ActiveCfg = Release|Any CPU
		{79380657-3624-4875-A074-0A780577D9F0}.TestRunner|Any CPU.Build.0 = Release|Any CPU
		{79380657-3624-4875-A074-0A780577D9F0}.TestRunner|Mixed Platforms.ActiveCfg = Release|Any CPU
		{79380657-3624-4875-A074-0A780577D9F0}.TestRunner|Mixed Platforms.Build.0 = Release|Any CPU
		{79380657-3624-4875-A074-0A780577D9F0}.TestRunner|x86.ActiveCfg = Release|Any CPU
		{1CE5BC4C-1B17-424D-AF76-63DEEB731216}.Debug|Any CPU.ActiveCfg = Debug|Any CPU
		{1CE5BC4C-1B17-424D-AF76-63DEEB731216}.Debug|Any CPU.Build.0 = Debug|Any CPU
		{1CE5BC4C-1B17-424D-AF76-63DEEB731216}.Debug|Mixed Platforms.ActiveCfg = Debug|Any CPU
		{1CE5BC4C-1B17-424D-AF76-63DEEB731216}.Debug|Mixed Platforms.Build.0 = Debug|Any CPU
		{1CE5BC4C-1B17-424D-AF76-63DEEB731216}.Debug|x86.ActiveCfg = Debug|Any CPU
		{1CE5BC4C-1B17-424D-AF76-63DEEB731216}.Release|Any CPU.ActiveCfg = Release|Any CPU
		{1CE5BC4C-1B17-424D-AF76-63DEEB731216}.Release|Any CPU.Build.0 = Release|Any CPU
		{1CE5BC4C-1B17-424D-AF76-63DEEB731216}.Release|Mixed Platforms.ActiveCfg = Release|Any CPU
		{1CE5BC4C-1B17-424D-AF76-63DEEB731216}.Release|Mixed Platforms.Build.0 = Release|Any CPU
		{1CE5BC4C-1B17-424D-AF76-63DEEB731216}.Release|x86.ActiveCfg = Release|Any CPU
		{1CE5BC4C-1B17-424D-AF76-63DEEB731216}.TestRunner|Any CPU.ActiveCfg = Release|Any CPU
		{1CE5BC4C-1B17-424D-AF76-63DEEB731216}.TestRunner|Any CPU.Build.0 = Release|Any CPU
		{1CE5BC4C-1B17-424D-AF76-63DEEB731216}.TestRunner|Mixed Platforms.ActiveCfg = Release|Any CPU
		{1CE5BC4C-1B17-424D-AF76-63DEEB731216}.TestRunner|Mixed Platforms.Build.0 = Release|Any CPU
		{1CE5BC4C-1B17-424D-AF76-63DEEB731216}.TestRunner|x86.ActiveCfg = Release|Any CPU
	EndGlobalSection
	GlobalSection(SolutionProperties) = preSolution
		HideSolutionNode = FALSE
	EndGlobalSection
	GlobalSection(NestedProjects) = preSolution
		{747B8419-A237-4AB6-A2B8-4A17027BCAF9} = {42FE82D3-31DD-4D90-9B3E-C89BCC5E3A95}
		{F24DC883-535C-49B9-89A6-75DBF5176D36} = {42FE82D3-31DD-4D90-9B3E-C89BCC5E3A95}
		{1B91ED0D-2976-4B48-83B7-AE7658B9A142} = {42FE82D3-31DD-4D90-9B3E-C89BCC5E3A95}
		{80484E32-5D70-43B8-9BC4-3F81BF991AFA} = {42FE82D3-31DD-4D90-9B3E-C89BCC5E3A95}
		{304AC731-72B6-49F8-8101-9B5B1C0C3065} = {42FE82D3-31DD-4D90-9B3E-C89BCC5E3A95}
		{3986ADCF-595A-4F76-A977-F1160890292D} = {42FE82D3-31DD-4D90-9B3E-C89BCC5E3A95}
		{D2B97A31-B62A-43B1-8097-728014B96BD5} = {42FE82D3-31DD-4D90-9B3E-C89BCC5E3A95}
		{42BF093B-A001-4F53-981F-E25675B9AEDA} = {42FE82D3-31DD-4D90-9B3E-C89BCC5E3A95}
		{01888178-34DC-4527-846B-9CE8B71D21E6} = {42FE82D3-31DD-4D90-9B3E-C89BCC5E3A95}
		{19FA3957-F1FD-4D24-9DEB-63D1CDE04ADB} = {42FE82D3-31DD-4D90-9B3E-C89BCC5E3A95}
		{5A2BCE35-0C43-488C-BBA5-844A5D2CBA37} = {42FE82D3-31DD-4D90-9B3E-C89BCC5E3A95}
		{B6A94A2A-EBED-4434-8843-C233EDBDD2DF} = {42FE82D3-31DD-4D90-9B3E-C89BCC5E3A95}
		{1CE5BC4C-1B17-424D-AF76-63DEEB731216} = {42FE82D3-31DD-4D90-9B3E-C89BCC5E3A95}
		{298A63CA-64DB-44A2-BCF3-9CB7FF65FF21} = {70A8E416-B9AB-45A2-A23F-B508314AEEED}
		{C8793DF7-650D-459A-8F6E-9CF621E745CF} = {70A8E416-B9AB-45A2-A23F-B508314AEEED}
		{79380657-3624-4875-A074-0A780577D9F0} = {70A8E416-B9AB-45A2-A23F-B508314AEEED}
		{621A6965-280D-4D56-9845-F0A3D6BBE351} = {79571259-1847-4CEB-AF25-2A5B26F8C094}
	EndGlobalSection
EndGlobal
